#MicroXplorer Configuration settings - do not modify
#Thu Apr 16 23:45:39 EDT 2015
ADC3.Channel-0\#ChannelRegularConversion=ADC_CHANNEL_0
ADC3.IPParameters=Rank-0\#ChannelRegularConversion,SamplingTime-0\#ChannelRegularConversion,Channel-0\#ChannelRegularConversion
ADC3.Rank-0\#ChannelRegularConversion=1
ADC3.SamplingTime-0\#ChannelRegularConversion=ADC_SAMPLETIME_3CYCLES
Dma.I2S3_EXT_RX.1.Channel=DMA_CHANNEL_3
Dma.I2S3_EXT_RX.1.Direction=DMA_PERIPH_TO_MEMORY
Dma.I2S3_EXT_RX.1.FIFOMode=DMA_FIFOMODE_DISABLE
Dma.I2S3_EXT_RX.1.Instance=DMA1_Stream0
Dma.I2S3_EXT_RX.1.MemDataAlignment=DMA_MDATAALIGN_HALFWORD
Dma.I2S3_EXT_RX.1.MemInc=DMA_MINC_ENABLE
Dma.I2S3_EXT_RX.1.Mode=DMA_CIRCULAR
Dma.I2S3_EXT_RX.1.PeriphDataAlignment=DMA_PDATAALIGN_HALFWORD
Dma.I2S3_EXT_RX.1.PeriphInc=DMA_PINC_DISABLE
Dma.I2S3_EXT_RX.1.Priority=DMA_PRIORITY_VERY_HIGH
Dma.I2S3_EXT_RX.1.RequestParameters=Instance,Channel,Direction,PeriphInc,MemInc,PeriphDataAlignment,MemDataAlignment,Mode,Priority,FIFOMode
Dma.Request0=SPI3_TX
Dma.Request1=I2S3_EXT_RX
Dma.RequestsNb=2
Dma.SPI3_TX.0.Channel=DMA_CHANNEL_0
Dma.SPI3_TX.0.Direction=DMA_MEMORY_TO_PERIPH
Dma.SPI3_TX.0.FIFOMode=DMA_FIFOMODE_DISABLE
Dma.SPI3_TX.0.Instance=DMA1_Stream7
Dma.SPI3_TX.0.MemDataAlignment=DMA_MDATAALIGN_HALFWORD
Dma.SPI3_TX.0.MemInc=DMA_MINC_ENABLE
Dma.SPI3_TX.0.Mode=DMA_CIRCULAR
Dma.SPI3_TX.0.PeriphDataAlignment=DMA_PDATAALIGN_HALFWORD
Dma.SPI3_TX.0.PeriphInc=DMA_PINC_DISABLE
Dma.SPI3_TX.0.Priority=DMA_PRIORITY_VERY_HIGH
Dma.SPI3_TX.0.RequestParameters=Instance,Channel,Direction,PeriphInc,MemInc,PeriphDataAlignment,MemDataAlignment,Mode,Priority,FIFOMode
File.Version=5
I2S3.AudioFreq=I2S_AUDIOFREQ_48K
I2S3.ClockSource=I2S_CLOCK_EXTERNAL
I2S3.ErrorAudioFreq=0.0 %
I2S3.FullDuplexMode=I2S_FULLDUPLEXMODE_ENABLE
I2S3.IPParameters=ClockSource,AudioFreq,FullDuplexMode,ErrorAudioFreq,RealAudioFreq
I2S3.RealAudioFreq=48.0 KHz
KeepUserPlacement=false
Mcu.Family=STM32F4
Mcu.IP0=ADC3
Mcu.IP1=DMA
Mcu.IP10=TIM1
Mcu.IP11=UART5
Mcu.IP12=USB_DEVICE
Mcu.IP13=USB_OTG_FS
Mcu.IP2=I2C1
Mcu.IP3=I2S3
Mcu.IP4=NVIC
Mcu.IP5=RCC
Mcu.IP6=RNG
Mcu.IP7=SPI1
Mcu.IP8=SPI2
Mcu.IP9=SYS
Mcu.IPNb=14
Mcu.Name=STM32F405RGTx
Mcu.Package=LQFP64
Mcu.Pin0=PC13-ANTI_TAMP
Mcu.Pin1=PC14-OSC32_IN
Mcu.Pin10=PA1
Mcu.Pin11=PA2
Mcu.Pin12=PA3
Mcu.Pin13=PA4
Mcu.Pin14=PA5
Mcu.Pin15=PA6
Mcu.Pin16=PA7
Mcu.Pin17=PC4
Mcu.Pin18=PC5
Mcu.Pin19=PB0
Mcu.Pin2=PC15-OSC32_OUT
Mcu.Pin20=PB1
Mcu.Pin21=PB2
Mcu.Pin22=PB10
Mcu.Pin23=PB11
Mcu.Pin24=PB12
Mcu.Pin25=PB13
Mcu.Pin26=PB14
Mcu.Pin27=PB15
Mcu.Pin28=PC6
Mcu.Pin29=PC8
Mcu.Pin3=PH0-OSC_IN
Mcu.Pin30=PC9
Mcu.Pin31=PA8
Mcu.Pin32=PA9
Mcu.Pin33=PA10
Mcu.Pin34=PA11
Mcu.Pin35=PA12
Mcu.Pin36=PA13
Mcu.Pin37=PA14
Mcu.Pin38=PA15
Mcu.Pin39=PC10
Mcu.Pin4=PH1-OSC_OUT
Mcu.Pin40=PC11
Mcu.Pin41=PC12
Mcu.Pin42=PD2
Mcu.Pin43=PB3
Mcu.Pin44=PB4
Mcu.Pin45=PB5
Mcu.Pin46=PB6
Mcu.Pin47=PB7
Mcu.Pin48=PB8
Mcu.Pin49=PB9
Mcu.Pin5=PC0
Mcu.Pin50=VP_RNG_VS_RNG
Mcu.Pin51=VP_TIM1_VS_ClockSourceINT
Mcu.Pin52=VP_USB_DEVICE_VS_USB_DEVICE_CDC_FS
Mcu.Pin6=PC1
Mcu.Pin7=PC2
Mcu.Pin8=PC3
Mcu.Pin9=PA0-WKUP
Mcu.PinsNb=53
Mcu.UserName=STM32F405RGTx
MxCube.Version=4.7.0
MxDb.Version=DB.4.0.70
NVIC.ADC_IRQn=true\:0\:7\:true
NVIC.BusFault_IRQn=true\:0\:7\:true
NVIC.DMA1_Stream0_IRQn=true\:0\:0\:false
NVIC.DMA1_Stream7_IRQn=true\:0\:1\:true
NVIC.DebugMonitor_IRQn=true\:0\:7\:true
NVIC.HASH_RNG_IRQn=true\:0\:7\:true
NVIC.I2C1_ER_IRQn=true\:0\:7\:true
NVIC.I2C1_EV_IRQn=true\:0\:7\:true
NVIC.MemoryManagement_IRQn=true\:0\:7\:true
NVIC.NonMaskableInt_IRQn=true\:0\:0\:true
NVIC.OTG_FS_IRQn=true\:0\:7\:true
NVIC.PriorityGroup=NVIC_PRIORITYGROUP_0
NVIC.RCC_IRQn=true\:0\:7\:true
NVIC.SPI1_IRQn=true\:0\:7\:true
NVIC.SPI2_IRQn=true\:0\:7\:true
NVIC.SysTick_IRQn=true\:0\:7\:true
NVIC.TIM1_BRK_TIM9_IRQn=true\:0\:7\:true
NVIC.TIM1_CC_IRQn=true\:0\:7\:true
NVIC.TIM1_TRG_COM_TIM11_IRQn=true\:0\:7\:true
NVIC.TIM1_UP_TIM10_IRQn=true\:0\:7\:true
NVIC.UART5_IRQn=true\:0\:7\:true
NVIC.UsageFault_IRQn=true\:0\:7\:true
PA0-WKUP.Signal=ADCx_IN0
PA1.Signal=ADCx_IN1
PA10.Locked=true
PA10.Signal=GPIO_Output
PA11.Mode=Device_Only
PA11.Signal=USB_OTG_FS_DM
PA12.Mode=Device_Only
PA12.Signal=USB_OTG_FS_DP
PA13.Mode=Serial-Wire
PA13.Signal=SYS_JTMS-SWDIO
PA14.Mode=Serial-Wire
PA14.Signal=SYS_JTCK-SWCLK
PA15.Mode=NSS_Signal_Hard
PA15.Signal=SPI1_NSS
PA2.Locked=true
PA2.Signal=GPIO_Analog
PA3.Signal=ADCx_IN3
PA4.GPIOParameters=GPIO_Speed,GPIO_PuPd,GPIO_Mode
PA4.GPIO_Mode=GPIO_MODE_AF_PP
PA4.GPIO_PuPd=GPIO_NOPULL
PA4.GPIO_Speed=GPIO_SPEED_HIGH
PA4.Mode=Full_Duplex_Master
PA4.Signal=I2S3_WS
PA5.Mode=Full_Duplex_Master
PA5.Signal=SPI1_SCK
PA6.Mode=Full_Duplex_Master
PA6.Signal=SPI1_MISO
PA7.Mode=Full_Duplex_Master
PA7.Signal=SPI1_MOSI
PA8.Signal=S_TIM1_CH1
PA9.Mode=Activate_VBUS
PA9.Signal=USB_OTG_FS_VBUS
PB0.Locked=true
PB0.Signal=GPIO_Output
PB1.Locked=true
PB1.Signal=GPIO_Output
PB10.Mode=Full_Duplex_Master
PB10.Signal=SPI2_SCK
PB11.Locked=true
PB11.Signal=GPIO_Output
PB12.Mode=NSS_Signal_Hard
PB12.Signal=SPI2_NSS
PB13.Locked=true
PB13.Signal=GPIO_Output
PB14.Locked=true
PB14.Signal=GPIO_Output
PB15.Locked=true
PB15.Signal=GPIO_Output
PB2.Locked=true
PB2.Signal=GPIO_Analog
PB3.Locked=true
PB3.Signal=GPIO_Analog
PB4.Locked=true
PB4.Signal=GPIO_Output
PB5.GPIOParameters=GPIO_Speed,GPIO_PuPd,GPIO_Mode
PB5.GPIO_Mode=GPIO_MODE_AF_PP
PB5.GPIO_PuPd=GPIO_NOPULL
PB5.GPIO_Speed=GPIO_SPEED_HIGH
PB5.Mode=Full_Duplex_Master
PB5.Signal=I2S3_SD
PB6.GPIOParameters=GPIO_Speed,GPIO_PuPd,GPIO_Mode,GPIO_PuPdOD
PB6.GPIO_Mode=GPIO_MODE_AF_OD
PB6.GPIO_PuPd=GPIO_NOPULL
PB6.GPIO_PuPdOD=GPIO_PULLUP
PB6.GPIO_Speed=GPIO_SPEED_LOW
PB6.Mode=I2C
PB6.Signal=I2C1_SCL
PB7.Mode=I2C
PB7.Signal=I2C1_SDA
PB8.Locked=true
PB8.Signal=GPIO_Input
PB9.Locked=true
PB9.Signal=GPIO_Output
PC0.Locked=true
PC0.Signal=GPIO_Output
PC1.Locked=true
PC1.Signal=GPIO_Analog
PC10.GPIOParameters=GPIO_Speed,GPIO_PuPd,GPIO_Mode
PC10.GPIO_Mode=GPIO_MODE_AF_PP
PC10.GPIO_PuPd=GPIO_NOPULL
PC10.GPIO_Speed=GPIO_SPEED_HIGH
PC10.Mode=Full_Duplex_Master
PC10.Signal=I2S3_CK
PC11.GPIOParameters=GPIO_Speed,GPIO_PuPd,GPIO_Mode
PC11.GPIO_Mode=GPIO_MODE_AF_PP
PC11.GPIO_PuPd=GPIO_NOPULL
PC11.GPIO_Speed=GPIO_SPEED_HIGH
PC11.Mode=Full_Duplex_Master
PC11.Signal=I2S3_ext_SD
PC12.Mode=Asynchronous
PC12.Signal=UART5_TX
PC13-ANTI_TAMP.Locked=true
PC13-ANTI_TAMP.Signal=GPIO_Output
PC14-OSC32_IN.Locked=true
PC14-OSC32_IN.Signal=GPIO_Input
PC15-OSC32_OUT.Locked=true
PC15-OSC32_OUT.Signal=GPIO_Input
PC2.Mode=Full_Duplex_Master
PC2.Signal=SPI2_MISO
PC3.Mode=Full_Duplex_Master
PC3.Signal=SPI2_MOSI
PC4.Locked=true
PC4.Signal=GPIO_Output
PC5.Locked=true
PC5.Signal=GPIO_Output
PC6.Locked=true
PC6.Signal=GPIO_Input
PC8.Locked=true
PC8.Signal=GPIO_Analog
PC9.Mode=Audio_ClockIn
PC9.Signal=I2S_CKIN
PCC.Battery=Alkaline(AA LR6)
PCC.Battery.Capacity=2850.0
PCC.Battery.Compatibility=Yes
PCC.Battery.InParallel=1
PCC.Battery.InSeries=3
PCC.Battery.MaxContinuous=1000.0
PCC.Battery.MaxPulseCurrent=0.0
PCC.Battery.NominalVoltage=1.5
PCC.Battery.SelfDischarge=0.3
PCC.Checker=false
PCC.Family=STM32F4
PCC.MCU=STM32F405RGTx
PCC.MXVersion=4.7.0
PCC.PartNumber=STM32F405RGTx
PCC.Seq0=1
PCC.Seq0.Step0.Average_Current=67.74 mA
PCC.Seq0.Step0.CPU_Frequency=144.0 MHz
PCC.Seq0.Step0.DMIPS=180.0
PCC.Seq0.Step0.Duration=1 ms
PCC.Seq0.Step0.Frequency=4.0 MHz
PCC.Seq0.Step0.Memory=RAM/FLASH-ART_ON
PCC.Seq0.Step0.Mode=RUN
PCC.Seq0.Step0.Oscillator=HSE PLL_ON
PCC.Seq0.Step0.Peripherals=ADC1 ADC2 ADC3 BKPSRAM Bus-matrix CAN1 CAN2 CRC DAC DMA1 DMA2 GPIOA GPIOB GPIOC GPIOD GPIOH I2C1 I2C2 I2C3 I2S2 I2S3 PWR RNG SDIO SPI1 SPI2 SPI3 SYSCFG TIM1 TIM2 TIM3 TIM4 TIM5 TIM6 TIM7 TIM8 TIM9 TIM10 TIM11 TIM12 TIM13 TIM14 UART4 UART5 USART1 USART2 USART3 USART6 USB_OTG_FS USB_OTG_HS_ULPI WWDG
PCC.Seq0.Step0.User's_Consumption=0 mA
PCC.Seq0.Step0.Vcore=Scale2-Medium
PCC.Seq0.Step0.Vdd=3.3
PCC.Seq0.Step0.Voltage_Source=Battery
PCC.SubFamily=STM32F405/415
PCC.Temperature=25
PCC.Vdd=3.3
PD2.Mode=Asynchronous
PD2.Signal=UART5_RX
PH0-OSC_IN.Mode=HSE-External-Oscillator
PH0-OSC_IN.Signal=RCC_OSC_IN
PH1-OSC_OUT.Mode=HSE-External-Oscillator
PH1-OSC_OUT.Signal=RCC_OSC_OUT
ProjectManager.AskForMigrate=true
ProjectManager.BackupPrevious=true
ProjectManager.CompilerOptimize=2
ProjectManager.ComputerToolchain=false
ProjectManager.CoupleFile=true
ProjectManager.DeletePrevious=true
ProjectManager.DeviceId=STM32F405RGTx
ProjectManager.FirmwarePackage=STM32Cube FW_F4 V1.5.0
ProjectManager.FreePins=true
ProjectManager.HalAssertFull=true
ProjectManager.KeepUserCode=true
ProjectManager.LastFirmware=true
ProjectManager.LibraryCopy=0
ProjectManager.ProjectBuild=false
ProjectManager.ProjectFileName=drumbox_405.ioc
ProjectManager.ProjectName=drumbox_405
ProjectManager.TargetToolchain=MDK-ARM 4.73
ProjectManager.ToolChainLocation=
RCC.48MHZClocksFreq_Value=48000000
RCC.AHBFreq_Value=96000000
RCC.APB1CLKDivider=RCC_HCLK_DIV4
RCC.APB1Freq_Value=24000000
RCC.APB1TimFreq_Value=48000000
RCC.APB2CLKDivider=RCC_HCLK_DIV2
RCC.APB2Freq_Value=48000000
RCC.APB2TimFreq_Value=96000000
RCC.CortexFreq_Value=12000000
RCC.EthernetFreq_Value=96000000
RCC.FCLKCortexFreq_Value=96000000
RCC.FamilyName=M
RCC.HCLKFreq_Value=96000000
RCC.HSE_VALUE=8000000
RCC.HSI_VALUE=16000000
RCC.I2SClockSource=I2S_CLOCK_EXTERNAL
RCC.I2SClocksFreq_Value=12288000
RCC.IPParameters=HCLKFreq_Value,SYSCLKFreq_VALUE,I2SClocksFreq_Value,PLLCLKFreq_Value,FamilyName,RTCHSEDivFreq_Value,APB2CLKDivider,I2SClockSource,RTCFreq_Value,LSE_VALUE,SYSCLKSource,MCO2PinFreq_Value,CortexFreq_Value,FCLKCortexFreq_Value,APB1CLKDivider,APB2Freq_Value,VCOI2SOutputFreq_Value,APB2TimFreq_Value,HSE_VALUE,PLLM,HSI_VALUE,PLLSource,VcooutputI2S,APB1TimFreq_Value,APB1Freq_Value,48MHZClocksFreq_Value,AHBFreq_Value,LSI_VALUE,VCOInputFreq_Value,EthernetFreq_Value,VCOOutputFreq_Value
RCC.LSE_VALUE=32768
RCC.LSI_VALUE=32000
RCC.MCO2PinFreq_Value=96000000
RCC.PLLCLKFreq_Value=96000000
RCC.PLLM=8
RCC.PLLSource=RCC_PLLSOURCE_HSE
RCC.RTCFreq_Value=32000
RCC.RTCHSEDivFreq_Value=4000000
RCC.SYSCLKFreq_VALUE=96000000
RCC.SYSCLKSource=RCC_SYSCLKSOURCE_PLLCLK
RCC.VCOI2SOutputFreq_Value=192000000
RCC.VCOInputFreq_Value=1000000
RCC.VCOOutputFreq_Value=192000000
RCC.VcooutputI2S=96000000
SH.ADCx_IN0.0=ADC3_IN0,IN0
SH.ADCx_IN0.ConfNb=1
SH.ADCx_IN1.0=ADC3_IN1,IN1
SH.ADCx_IN1.ConfNb=1
SH.ADCx_IN3.0=ADC3_IN3,IN3
SH.ADCx_IN3.ConfNb=1
SH.S_TIM1_CH1.0=TIM1_CH1,Output Compare1 CH1
SH.S_TIM1_CH1.ConfNb=1
SPI1.CalculateBaudRate=24.0 MBits/s
SPI1.IPParameters=CalculateBaudRate,VirtualNSS,Mode
SPI1.Mode=SPI_MODE_MASTER
SPI1.VirtualNSS=VM_NSSHARD
SPI2.CalculateBaudRate=12.0 MBits/s
SPI2.IPParameters=CalculateBaudRate,VirtualNSS,Mode
SPI2.Mode=SPI_MODE_MASTER
SPI2.VirtualNSS=VM_NSSHARD
TIM1.IPParameters=Period,Pulse-Output Compare1 CH1
TIM1.Period=10000
TIM1.Pulse-Output\ Compare1\ CH1=10001
USB_DEVICE.CLASS_NAME-CDC_FS=CDC
USB_DEVICE.IPParameters=CLASS_NAME-CDC_FS,VirtualModeFS,USBD_HandleTypeDef-CDC_FS,VirtualMode-CDC_FS
USB_DEVICE.USBD_HandleTypeDef-CDC_FS=hUsbDeviceFS
USB_DEVICE.VirtualMode-CDC_FS=Cdc
USB_DEVICE.VirtualModeFS=Cdc_FS
USB_OTG_FS.IPParameters=VirtualMode
USB_OTG_FS.VirtualMode=Device_Only
VP_RNG_VS_RNG.Mode=RNG_Activate
VP_RNG_VS_RNG.Signal=RNG_VS_RNG
VP_TIM1_VS_ClockSourceINT.Mode=Internal
VP_TIM1_VS_ClockSourceINT.Signal=TIM1_VS_ClockSourceINT
VP_USB_DEVICE_VS_USB_DEVICE_CDC_FS.Mode=CDC_FS
VP_USB_DEVICE_VS_USB_DEVICE_CDC_FS.Signal=USB_DEVICE_VS_USB_DEVICE_CDC_FS
